PODS:
  - BRHJoyStickView (2.1.2)
  - SwiftSocket (2.0.2)

DEPENDENCIES:
  - BRHJoyStickView
  - SwiftSocket

SPEC REPOS:
  trunk:
    - BRHJoyStickView
    - SwiftSocket

SPEC CHECKSUMS:
  BRHJoyStickView: b332a149579ca5daa878b6bc2322c44bf47d411b
  SwiftSocket: 6f4c9c63fbc5c1d61188936bb3c599fd546f40ae

PODFILE CHECKSUM: ab17b955dcf837e660e3d8bbb819f619e52c1149

COCOAPODS: 1.9.1
