// !$*UTF8*$!
{
	archiveVersion = 1;
	classes = {
	};
	objectVersion = 52;
	objects = {

/* Begin PBXBuildFile section */
		2F374E362742030D0073E24A /* FirebaseAnalytics in Frameworks */ = {isa = PBXBuildFile; productRef = 2F374E352742030D0073E24A /* FirebaseAnalytics */; };
		2F374E382742030D0073E24A /* FirebaseCrashlytics in Frameworks */ = {isa = PBXBuildFile; productRef = 2F374E372742030D0073E24A /* FirebaseCrashlytics */; };
		2F374E57274290DB0073E24A /* AVManager.swift in Sources */ = {isa = PBXBuildFile; fileRef = 2F374E56274290DB0073E24A /* AVManager.swift */; };
		2F399CA22741F3B70016BE8B /* WiFiManager.swift in Sources */ = {isa = PBXBuildFile; fileRef = 2F399C9F2741F3B70016BE8B /* WiFiManager.swift */; };
		2F399CD62741FDA30016BE8B /* iTelloApp.swift in Sources */ = {isa = PBXBuildFile; fileRef = 2F399CD52741FDA30016BE8B /* iTelloApp.swift */; };
		2F43CB6527604347005F6CB0 /* DroneController.swift in Sources */ = {isa = PBXBuildFile; fileRef = 2F43CB6427604347005F6CB0 /* DroneController.swift */; };
		2F45EEB024763C0200F5C9BE /* TelloConstants.swift in Sources */ = {isa = PBXBuildFile; fileRef = 2F45EEAF24763C0200F5C9BE /* TelloConstants.swift */; };
		2F78E5032766CCA70003A788 /* LaunchScreen.storyboard in Resources */ = {isa = PBXBuildFile; fileRef = 2F78E5022766CCA70003A788 /* LaunchScreen.storyboard */; };
		2F78E507276780770003A788 /* TelloController.swift in Sources */ = {isa = PBXBuildFile; fileRef = 2F78E506276780770003A788 /* TelloController.swift */; };
		2F81DC88275C629400760EF5 /* SwiftUIJoystick in Frameworks */ = {isa = PBXBuildFile; productRef = 2F81DC87275C629400760EF5 /* SwiftUIJoystick */; };
		2F8C8D8024748F51006D40EC /* Assets.xcassets in Resources */ = {isa = PBXBuildFile; fileRef = 2F8C8D7F24748F51006D40EC /* Assets.xcassets */; };
		2FB55D2D24854368000EF166 /* UDPClient.swift in Sources */ = {isa = PBXBuildFile; fileRef = 2FB55D2C24854368000EF166 /* UDPClient.swift */; };
		2FDB56EB275E3B6B00DF04DF /* Color-Extension.swift in Sources */ = {isa = PBXBuildFile; fileRef = 2FDB56EA275E3B6B00DF04DF /* Color-Extension.swift */; };
		2FDB56ED275E3B9C00DF04DF /* LinearGradient-Extension.swift in Sources */ = {isa = PBXBuildFile; fileRef = 2FDB56EC275E3B9C00DF04DF /* LinearGradient-Extension.swift */; };
		2FDB56EF275EDF9200DF04DF /* Joystick.swift in Sources */ = {isa = PBXBuildFile; fileRef = 2FDB56EE275EDF9200DF04DF /* Joystick.swift */; };
		2FDE4B762474902B00B8C422 /* NetworkExtension.framework in Frameworks */ = {isa = PBXBuildFile; fileRef = 2FDE4B752474902B00B8C422 /* NetworkExtension.framework */; };
		2FE24F8927638B4A00CB0DE2 /* DroneConnectionSetup.swift in Sources */ = {isa = PBXBuildFile; fileRef = 2F43CB6827604CD2005F6CB0 /* DroneConnectionSetup.swift */; };
		2FE24F8B27638BCC00CB0DE2 /* WiFiManagement.swift in Sources */ = {isa = PBXBuildFile; fileRef = 2FE24F8A27638BCC00CB0DE2 /* WiFiManagement.swift */; };
		2FE24F8D27638C6500CB0DE2 /* SetupInstructions.swift in Sources */ = {isa = PBXBuildFile; fileRef = 2FE24F8C27638C6500CB0DE2 /* SetupInstructions.swift */; };
		2FF52BFD2475F7CF00BB7DB5 /* VideoFrameDecoder.swift in Sources */ = {isa = PBXBuildFile; fileRef = 2FF52BFC2475F7CF00BB7DB5 /* VideoFrameDecoder.swift */; };
/* End PBXBuildFile section */

/* Begin PBXFileReference section */
		2F374E56274290DB0073E24A /* AVManager.swift */ = {isa = PBXFileReference; fileEncoding = 4; lastKnownFileType = sourcecode.swift; path = AVManager.swift; sourceTree = "<group>"; };
		2F399C9F2741F3B70016BE8B /* WiFiManager.swift */ = {isa = PBXFileReference; fileEncoding = 4; lastKnownFileType = sourcecode.swift; path = WiFiManager.swift; sourceTree = "<group>"; };
		2F399CD52741FDA30016BE8B /* iTelloApp.swift */ = {isa = PBXFileReference; lastKnownFileType = sourcecode.swift; path = iTelloApp.swift; sourceTree = "<group>"; };
		2F43CB6427604347005F6CB0 /* DroneController.swift */ = {isa = PBXFileReference; lastKnownFileType = sourcecode.swift; path = DroneController.swift; sourceTree = "<group>"; };
		2F43CB6827604CD2005F6CB0 /* DroneConnectionSetup.swift */ = {isa = PBXFileReference; lastKnownFileType = sourcecode.swift; path = DroneConnectionSetup.swift; sourceTree = "<group>"; };
		2F45EEAF24763C0200F5C9BE /* TelloConstants.swift */ = {isa = PBXFileReference; lastKnownFileType = sourcecode.swift; path = TelloConstants.swift; sourceTree = "<group>"; };
		2F78E5022766CCA70003A788 /* LaunchScreen.storyboard */ = {isa = PBXFileReference; lastKnownFileType = file.storyboard; path = LaunchScreen.storyboard; sourceTree = "<group>"; };
		2F78E506276780770003A788 /* TelloController.swift */ = {isa = PBXFileReference; lastKnownFileType = sourcecode.swift; path = TelloController.swift; sourceTree = "<group>"; };
		2F8C8D7324748F4E006D40EC /* iTello.app */ = {isa = PBXFileReference; explicitFileType = wrapper.application; includeInIndex = 0; path = iTello.app; sourceTree = BUILT_PRODUCTS_DIR; };
		2F8C8D7F24748F51006D40EC /* Assets.xcassets */ = {isa = PBXFileReference; lastKnownFileType = folder.assetcatalog; path = Assets.xcassets; sourceTree = "<group>"; };
		2F8C8D8424748F51006D40EC /* Info.plist */ = {isa = PBXFileReference; lastKnownFileType = text.plist.xml; path = Info.plist; sourceTree = "<group>"; };
		2FB55D2C24854368000EF166 /* UDPClient.swift */ = {isa = PBXFileReference; lastKnownFileType = sourcecode.swift; path = UDPClient.swift; sourceTree = "<group>"; };
		2FDB56EA275E3B6B00DF04DF /* Color-Extension.swift */ = {isa = PBXFileReference; lastKnownFileType = sourcecode.swift; path = "Color-Extension.swift"; sourceTree = "<group>"; };
		2FDB56EC275E3B9C00DF04DF /* LinearGradient-Extension.swift */ = {isa = PBXFileReference; lastKnownFileType = sourcecode.swift; path = "LinearGradient-Extension.swift"; sourceTree = "<group>"; };
		2FDB56EE275EDF9200DF04DF /* Joystick.swift */ = {isa = PBXFileReference; lastKnownFileType = sourcecode.swift; path = Joystick.swift; sourceTree = "<group>"; };
		2FDE4B742474902500B8C422 /* iTello.entitlements */ = {isa = PBXFileReference; lastKnownFileType = text.plist.entitlements; path = iTello.entitlements; sourceTree = "<group>"; };
		2FDE4B752474902B00B8C422 /* NetworkExtension.framework */ = {isa = PBXFileReference; lastKnownFileType = wrapper.framework; name = NetworkExtension.framework; path = System/Library/Frameworks/NetworkExtension.framework; sourceTree = SDKROOT; };
		2FE24F8A27638BCC00CB0DE2 /* WiFiManagement.swift */ = {isa = PBXFileReference; lastKnownFileType = sourcecode.swift; path = WiFiManagement.swift; sourceTree = "<group>"; };
		2FE24F8C27638C6500CB0DE2 /* SetupInstructions.swift */ = {isa = PBXFileReference; lastKnownFileType = sourcecode.swift; path = SetupInstructions.swift; sourceTree = "<group>"; };
		2FF52BFC2475F7CF00BB7DB5 /* VideoFrameDecoder.swift */ = {isa = PBXFileReference; lastKnownFileType = sourcecode.swift; path = VideoFrameDecoder.swift; sourceTree = "<group>"; };
/* End PBXFileReference section */

/* Begin PBXFrameworksBuildPhase section */
		2F8C8D7024748F4E006D40EC /* Frameworks */ = {
			isa = PBXFrameworksBuildPhase;
			buildActionMask = 2147483647;
			files = (
				2F374E382742030D0073E24A /* FirebaseCrashlytics in Frameworks */,
				2F374E362742030D0073E24A /* FirebaseAnalytics in Frameworks */,
				2F81DC88275C629400760EF5 /* SwiftUIJoystick in Frameworks */,
				2FDE4B762474902B00B8C422 /* NetworkExtension.framework in Frameworks */,
			);
			runOnlyForDeploymentPostprocessing = 0;
		};
/* End PBXFrameworksBuildPhase section */

/* Begin PBXGroup section */
		2F399CD42741FB8B0016BE8B /* Assets */ = {
			isa = PBXGroup;
			children = (
				2F8C8D7F24748F51006D40EC /* Assets.xcassets */,
			);
			path = Assets;
			sourceTree = "<group>";
		};
		2F78E5042766F4F40003A788 /* Setup */ = {
			isa = PBXGroup;
			children = (
				2F43CB6827604CD2005F6CB0 /* DroneConnectionSetup.swift */,
				2FE24F8A27638BCC00CB0DE2 /* WiFiManagement.swift */,
				2FE24F8C27638C6500CB0DE2 /* SetupInstructions.swift */,
			);
			path = Setup;
			sourceTree = "<group>";
		};
		2F78E5052766F6A90003A788 /* Controller View */ = {
			isa = PBXGroup;
			children = (
				2F43CB6427604347005F6CB0 /* DroneController.swift */,
				2FDB56EE275EDF9200DF04DF /* Joystick.swift */,
			);
			path = "Controller View";
			sourceTree = "<group>";
		};
		2F78E5082767807E0003A788 /* Tello */ = {
			isa = PBXGroup;
			children = (
				2F78E506276780770003A788 /* TelloController.swift */,
			);
			path = Tello;
			sourceTree = "<group>";
		};
		2F8C8D6A24748F4E006D40EC = {
			isa = PBXGroup;
			children = (
				2F8C8D7524748F4E006D40EC /* iTello */,
				2F8C8D7424748F4E006D40EC /* Products */,
				C00F5C618D0DE3E20491DE30 /* Frameworks */,
			);
			sourceTree = "<group>";
		};
		2F8C8D7424748F4E006D40EC /* Products */ = {
			isa = PBXGroup;
			children = (
				2F8C8D7324748F4E006D40EC /* iTello.app */,
			);
			name = Products;
			sourceTree = "<group>";
		};
		2F8C8D7524748F4E006D40EC /* iTello */ = {
			isa = PBXGroup;
			children = (
				2F78E5022766CCA70003A788 /* LaunchScreen.storyboard */,
				2FDE4B742474902500B8C422 /* iTello.entitlements */,
				2F8C8D8424748F51006D40EC /* Info.plist */,
				2F45EEAF24763C0200F5C9BE /* TelloConstants.swift */,
				2FDB56F0275EEFD400DF04DF /* Views */,
				2F399CD42741FB8B0016BE8B /* Assets */,
				2FDB56E8275E3A8F00DF04DF /* Extensions */,
				2FDB56E9275E3AA100DF04DF /* Services */,
			);
			path = iTello;
			sourceTree = "<group>";
		};
		2FDB56E8275E3A8F00DF04DF /* Extensions */ = {
			isa = PBXGroup;
			children = (
				2FDB56EA275E3B6B00DF04DF /* Color-Extension.swift */,
				2FDB56EC275E3B9C00DF04DF /* LinearGradient-Extension.swift */,
			);
			path = Extensions;
			sourceTree = "<group>";
		};
		2FDB56E9275E3AA100DF04DF /* Services */ = {
			isa = PBXGroup;
			children = (
				2F374E56274290DB0073E24A /* AVManager.swift */,
				2FF52BFC2475F7CF00BB7DB5 /* VideoFrameDecoder.swift */,
				2FB55D2C24854368000EF166 /* UDPClient.swift */,
				2F399C9F2741F3B70016BE8B /* WiFiManager.swift */,
			);
			path = Services;
			sourceTree = "<group>";
		};
		2FDB56F0275EEFD400DF04DF /* Views */ = {
			isa = PBXGroup;
			children = (
				2F399CD52741FDA30016BE8B /* iTelloApp.swift */,
				2F78E5082767807E0003A788 /* Tello */,
				2F78E5042766F4F40003A788 /* Setup */,
				2F78E5052766F6A90003A788 /* Controller View */,
			);
			path = Views;
			sourceTree = "<group>";
		};
		C00F5C618D0DE3E20491DE30 /* Frameworks */ = {
			isa = PBXGroup;
			children = (
				2FDE4B752474902B00B8C422 /* NetworkExtension.framework */,
			);
			name = Frameworks;
			sourceTree = "<group>";
		};
/* End PBXGroup section */

/* Begin PBXNativeTarget section */
		2F8C8D7224748F4E006D40EC /* iTello */ = {
			isa = PBXNativeTarget;
			buildConfigurationList = 2F8C8D8724748F51006D40EC /* Build configuration list for PBXNativeTarget "iTello" */;
			buildPhases = (
				2F8C8D6F24748F4E006D40EC /* Sources */,
				2F8C8D7024748F4E006D40EC /* Frameworks */,
				2F8C8D7124748F4E006D40EC /* Resources */,
			);
			buildRules = (
			);
			dependencies = (
			);
			name = iTello;
			packageProductDependencies = (
				2F374E352742030D0073E24A /* FirebaseAnalytics */,
				2F374E372742030D0073E24A /* FirebaseCrashlytics */,
				2F81DC87275C629400760EF5 /* SwiftUIJoystick */,
			);
			productName = oTello;
			productReference = 2F8C8D7324748F4E006D40EC /* iTello.app */;
			productType = "com.apple.product-type.application";
		};
/* End PBXNativeTarget section */

/* Begin PBXProject section */
		2F8C8D6B24748F4E006D40EC /* Project object */ = {
			isa = PBXProject;
			attributes = {
				LastSwiftUpdateCheck = 1310;
				LastUpgradeCheck = 1310;
				ORGANIZATIONNAME = Mellis;
				TargetAttributes = {
					2F8C8D7224748F4E006D40EC = {
						CreatedOnToolsVersion = 11.4.1;
					};
				};
			};
			buildConfigurationList = 2F8C8D6E24748F4E006D40EC /* Build configuration list for PBXProject "iTello" */;
			compatibilityVersion = "Xcode 9.3";
			developmentRegion = en;
			hasScannedForEncodings = 0;
			knownRegions = (
				en,
				Base,
			);
			mainGroup = 2F8C8D6A24748F4E006D40EC;
			packageReferences = (
				2F374E342742030D0073E24A /* XCRemoteSwiftPackageReference "firebase-ios-sdk" */,
				2F81DC86275C629400760EF5 /* XCRemoteSwiftPackageReference "SwiftUIJoystick" */,
			);
			productRefGroup = 2F8C8D7424748F4E006D40EC /* Products */;
			projectDirPath = "";
			projectRoot = "";
			targets = (
				2F8C8D7224748F4E006D40EC /* iTello */,
			);
		};
/* End PBXProject section */

/* Begin PBXResourcesBuildPhase section */
		2F8C8D7124748F4E006D40EC /* Resources */ = {
			isa = PBXResourcesBuildPhase;
			buildActionMask = 2147483647;
			files = (
				2F8C8D8024748F51006D40EC /* Assets.xcassets in Resources */,
				2F78E5032766CCA70003A788 /* LaunchScreen.storyboard in Resources */,
			);
			runOnlyForDeploymentPostprocessing = 0;
		};
/* End PBXResourcesBuildPhase section */

/* Begin PBXSourcesBuildPhase section */
		2F8C8D6F24748F4E006D40EC /* Sources */ = {
			isa = PBXSourcesBuildPhase;
			buildActionMask = 2147483647;
			files = (
				2F399CD62741FDA30016BE8B /* iTelloApp.swift in Sources */,
				2F45EEB024763C0200F5C9BE /* TelloConstants.swift in Sources */,
				2FDB56EB275E3B6B00DF04DF /* Color-Extension.swift in Sources */,
				2F374E57274290DB0073E24A /* AVManager.swift in Sources */,
				2FB55D2D24854368000EF166 /* UDPClient.swift in Sources */,
				2FE24F8927638B4A00CB0DE2 /* DroneConnectionSetup.swift in Sources */,
				2FDB56EF275EDF9200DF04DF /* Joystick.swift in Sources */,
				2F43CB6527604347005F6CB0 /* DroneController.swift in Sources */,
				2FDB56ED275E3B9C00DF04DF /* LinearGradient-Extension.swift in Sources */,
				2FE24F8B27638BCC00CB0DE2 /* WiFiManagement.swift in Sources */,
				2F399CA22741F3B70016BE8B /* WiFiManager.swift in Sources */,
				2FF52BFD2475F7CF00BB7DB5 /* VideoFrameDecoder.swift in Sources */,
				2F78E507276780770003A788 /* TelloController.swift in Sources */,
				2FE24F8D27638C6500CB0DE2 /* SetupInstructions.swift in Sources */,
			);
			runOnlyForDeploymentPostprocessing = 0;
		};
/* End PBXSourcesBuildPhase section */

/* Begin XCBuildConfiguration section */
		2F8C8D8524748F51006D40EC /* Debug */ = {
			isa = XCBuildConfiguration;
			buildSettings = {
				ALWAYS_SEARCH_USER_PATHS = NO;
				CLANG_ANALYZER_NONNULL = YES;
				CLANG_ANALYZER_NUMBER_OBJECT_CONVERSION = YES_AGGRESSIVE;
				CLANG_CXX_LANGUAGE_STANDARD = "gnu++14";
				CLANG_CXX_LIBRARY = "libc++";
				CLANG_ENABLE_MODULES = YES;
				CLANG_ENABLE_OBJC_ARC = YES;
				CLANG_ENABLE_OBJC_WEAK = YES;
				CLANG_WARN_BLOCK_CAPTURE_AUTORELEASING = YES;
				CLANG_WARN_BOOL_CONVERSION = YES;
				CLANG_WARN_COMMA = YES;
				CLANG_WARN_CONSTANT_CONVERSION = YES;
				CLANG_WARN_DEPRECATED_OBJC_IMPLEMENTATIONS = YES;
				CLANG_WARN_DIRECT_OBJC_ISA_USAGE = YES_ERROR;
				CLANG_WARN_DOCUMENTATION_COMMENTS = YES;
				CLANG_WARN_EMPTY_BODY = YES;
				CLANG_WARN_ENUM_CONVERSION = YES;
				CLANG_WARN_INFINITE_RECURSION = YES;
				CLANG_WARN_INT_CONVERSION = YES;
				CLANG_WARN_NON_LITERAL_NULL_CONVERSION = YES;
				CLANG_WARN_OBJC_IMPLICIT_RETAIN_SELF = YES;
				CLANG_WARN_OBJC_LITERAL_CONVERSION = YES;
				CLANG_WARN_OBJC_ROOT_CLASS = YES_ERROR;
				CLANG_WARN_QUOTED_INCLUDE_IN_FRAMEWORK_HEADER = YES;
				CLANG_WARN_RANGE_LOOP_ANALYSIS = YES;
				CLANG_WARN_STRICT_PROTOTYPES = YES;
				CLANG_WARN_SUSPICIOUS_MOVE = YES;
				CLANG_WARN_UNGUARDED_AVAILABILITY = YES_AGGRESSIVE;
				CLANG_WARN_UNREACHABLE_CODE = YES;
				CLANG_WARN__DUPLICATE_METHOD_MATCH = YES;
				COPY_PHASE_STRIP = NO;
				DEBUG_INFORMATION_FORMAT = dwarf;
				ENABLE_STRICT_OBJC_MSGSEND = YES;
				ENABLE_TESTABILITY = YES;
				GCC_C_LANGUAGE_STANDARD = gnu11;
				GCC_DYNAMIC_NO_PIC = NO;
				GCC_NO_COMMON_BLOCKS = YES;
				GCC_OPTIMIZATION_LEVEL = 0;
				GCC_PREPROCESSOR_DEFINITIONS = (
					"DEBUG=1",
					"$(inherited)",
				);
				GCC_WARN_64_TO_32_BIT_CONVERSION = YES;
				GCC_WARN_ABOUT_RETURN_TYPE = YES_ERROR;
				GCC_WARN_UNDECLARED_SELECTOR = YES;
				GCC_WARN_UNINITIALIZED_AUTOS = YES_AGGRESSIVE;
				GCC_WARN_UNUSED_FUNCTION = YES;
				GCC_WARN_UNUSED_VARIABLE = YES;
				IPHONEOS_DEPLOYMENT_TARGET = 15.0;
				MTL_ENABLE_DEBUG_INFO = INCLUDE_SOURCE;
				MTL_FAST_MATH = YES;
				ONLY_ACTIVE_ARCH = YES;
				SDKROOT = iphoneos;
				SWIFT_ACTIVE_COMPILATION_CONDITIONS = DEBUG;
				SWIFT_OPTIMIZATION_LEVEL = "-Onone";
			};
			name = Debug;
		};
		2F8C8D8624748F51006D40EC /* Release */ = {
			isa = XCBuildConfiguration;
			buildSettings = {
				ALWAYS_SEARCH_USER_PATHS = NO;
				CLANG_ANALYZER_NONNULL = YES;
				CLANG_ANALYZER_NUMBER_OBJECT_CONVERSION = YES_AGGRESSIVE;
				CLANG_CXX_LANGUAGE_STANDARD = "gnu++14";
				CLANG_CXX_LIBRARY = "libc++";
				CLANG_ENABLE_MODULES = YES;
				CLANG_ENABLE_OBJC_ARC = YES;
				CLANG_ENABLE_OBJC_WEAK = YES;
				CLANG_WARN_BLOCK_CAPTURE_AUTORELEASING = YES;
				CLANG_WARN_BOOL_CONVERSION = YES;
				CLANG_WARN_COMMA = YES;
				CLANG_WARN_CONSTANT_CONVERSION = YES;
				CLANG_WARN_DEPRECATED_OBJC_IMPLEMENTATIONS = YES;
				CLANG_WARN_DIRECT_OBJC_ISA_USAGE = YES_ERROR;
				CLANG_WARN_DOCUMENTATION_COMMENTS = YES;
				CLANG_WARN_EMPTY_BODY = YES;
				CLANG_WARN_ENUM_CONVERSION = YES;
				CLANG_WARN_INFINITE_RECURSION = YES;
				CLANG_WARN_INT_CONVERSION = YES;
				CLANG_WARN_NON_LITERAL_NULL_CONVERSION = YES;
				CLANG_WARN_OBJC_IMPLICIT_RETAIN_SELF = YES;
				CLANG_WARN_OBJC_LITERAL_CONVERSION = YES;
				CLANG_WARN_OBJC_ROOT_CLASS = YES_ERROR;
				CLANG_WARN_QUOTED_INCLUDE_IN_FRAMEWORK_HEADER = YES;
				CLANG_WARN_RANGE_LOOP_ANALYSIS = YES;
				CLANG_WARN_STRICT_PROTOTYPES = YES;
				CLANG_WARN_SUSPICIOUS_MOVE = YES;
				CLANG_WARN_UNGUARDED_AVAILABILITY = YES_AGGRESSIVE;
				CLANG_WARN_UNREACHABLE_CODE = YES;
				CLANG_WARN__DUPLICATE_METHOD_MATCH = YES;
				COPY_PHASE_STRIP = NO;
				DEBUG_INFORMATION_FORMAT = "dwarf-with-dsym";
				ENABLE_NS_ASSERTIONS = NO;
				ENABLE_STRICT_OBJC_MSGSEND = YES;
				GCC_C_LANGUAGE_STANDARD = gnu11;
				GCC_NO_COMMON_BLOCKS = YES;
				GCC_WARN_64_TO_32_BIT_CONVERSION = YES;
				GCC_WARN_ABOUT_RETURN_TYPE = YES_ERROR;
				GCC_WARN_UNDECLARED_SELECTOR = YES;
				GCC_WARN_UNINITIALIZED_AUTOS = YES_AGGRESSIVE;
				GCC_WARN_UNUSED_FUNCTION = YES;
				GCC_WARN_UNUSED_VARIABLE = YES;
				IPHONEOS_DEPLOYMENT_TARGET = 15.0;
				MTL_ENABLE_DEBUG_INFO = NO;
				MTL_FAST_MATH = YES;
				SDKROOT = iphoneos;
				SWIFT_COMPILATION_MODE = wholemodule;
				SWIFT_OPTIMIZATION_LEVEL = "-O";
				VALIDATE_PRODUCT = YES;
			};
			name = Release;
		};
		2F8C8D8824748F51006D40EC /* Debug */ = {
			isa = XCBuildConfiguration;
			buildSettings = {
				ASSETCATALOG_COMPILER_APPICON_NAME = AppIcon;
				CODE_SIGN_ENTITLEMENTS = iTello/iTello.entitlements;
				CODE_SIGN_IDENTITY = "Apple Development";
				CODE_SIGN_STYLE = Automatic;
				DEBUG_INFORMATION_FORMAT = "dwarf-with-dsym";
				DEVELOPMENT_TEAM = KLQC884752;
				INFOPLIST_FILE = iTello/Info.plist;
				LD_RUNPATH_SEARCH_PATHS = (
					"$(inherited)",
					"@executable_path/Frameworks",
				);
				MARKETING_VERSION = 1.2;
				PRODUCT_BUNDLE_IDENTIFIER = michaellis.iTello;
				PRODUCT_NAME = "$(TARGET_NAME)";
				PROVISIONING_PROFILE_SPECIFIER = "";
				SUPPORTS_MACCATALYST = NO;
				SUPPORTS_MAC_DESIGNED_FOR_IPHONE_IPAD = YES;
				SWIFT_VERSION = 5.0;
				TARGETED_DEVICE_FAMILY = "1,2";
			};
			name = Debug;
		};
		2F8C8D8924748F51006D40EC /* Release */ = {
			isa = XCBuildConfiguration;
			buildSettings = {
				ASSETCATALOG_COMPILER_APPICON_NAME = AppIcon;
				CODE_SIGN_ENTITLEMENTS = iTello/iTello.entitlements;
				CODE_SIGN_IDENTITY = "Apple Development";
				CODE_SIGN_STYLE = Automatic;
				DEVELOPMENT_TEAM = KLQC884752;
				INFOPLIST_FILE = iTello/Info.plist;
				LD_RUNPATH_SEARCH_PATHS = (
					"$(inherited)",
					"@executable_path/Frameworks",
				);
				MARKETING_VERSION = 1.2;
				PRODUCT_BUNDLE_IDENTIFIER = michaellis.iTello;
				PRODUCT_NAME = "$(TARGET_NAME)";
				PROVISIONING_PROFILE_SPECIFIER = "";
				SUPPORTS_MACCATALYST = NO;
				SUPPORTS_MAC_DESIGNED_FOR_IPHONE_IPAD = YES;
				SWIFT_VERSION = 5.0;
				TARGETED_DEVICE_FAMILY = "1,2";
			};
			name = Release;
		};
/* End XCBuildConfiguration section */

/* Begin XCConfigurationList section */
		2F8C8D6E24748F4E006D40EC /* Build configuration list for PBXProject "iTello" */ = {
			isa = XCConfigurationList;
			buildConfigurations = (
				2F8C8D8524748F51006D40EC /* Debug */,
				2F8C8D8624748F51006D40EC /* Release */,
			);
			defaultConfigurationIsVisible = 0;
			defaultConfigurationName = Release;
		};
		2F8C8D8724748F51006D40EC /* Build configuration list for PBXNativeTarget "iTello" */ = {
			isa = XCConfigurationList;
			buildConfigurations = (
				2F8C8D8824748F51006D40EC /* Debug */,
				2F8C8D8924748F51006D40EC /* Release */,
			);
			defaultConfigurationIsVisible = 0;
			defaultConfigurationName = Release;
		};
/* End XCConfigurationList section */

/* Begin XCRemoteSwiftPackageReference section */
		2F374E342742030D0073E24A /* XCRemoteSwiftPackageReference "firebase-ios-sdk" */ = {
			isa = XCRemoteSwiftPackageReference;
			repositoryURL = "https://github.com/firebase/firebase-ios-sdk";
			requirement = {
				kind = upToNextMajorVersion;
				minimumVersion = 8.0.0;
			};
		};
		2F81DC86275C629400760EF5 /* XCRemoteSwiftPackageReference "SwiftUIJoystick" */ = {
			isa = XCRemoteSwiftPackageReference;
			repositoryURL = "https://github.com/michael94ellis/SwiftUIJoystick";
			requirement = {
				branch = main;
				kind = branch;
			};
		};
/* End XCRemoteSwiftPackageReference section */

/* Begin XCSwiftPackageProductDependency section */
		2F374E352742030D0073E24A /* FirebaseAnalytics */ = {
			isa = XCSwiftPackageProductDependency;
			package = 2F374E342742030D0073E24A /* XCRemoteSwiftPackageReference "firebase-ios-sdk" */;
			productName = FirebaseAnalytics;
		};
		2F374E372742030D0073E24A /* FirebaseCrashlytics */ = {
			isa = XCSwiftPackageProductDependency;
			package = 2F374E342742030D0073E24A /* XCRemoteSwiftPackageReference "firebase-ios-sdk" */;
			productName = FirebaseCrashlytics;
		};
		2F81DC87275C629400760EF5 /* SwiftUIJoystick */ = {
			isa = XCSwiftPackageProductDependency;
			package = 2F81DC86275C629400760EF5 /* XCRemoteSwiftPackageReference "SwiftUIJoystick" */;
			productName = SwiftUIJoystick;
		};
/* End XCSwiftPackageProductDependency section */
	};
	rootObject = 2F8C8D6B24748F4E006D40EC /* Project object */;
}
